# This file is autogenerated, do not edit; changes may be undone by the next 'dep ensure'.


[[projects]]
  digest = "1:aa65b4877ac225076b4362885e9122fdf6a8728f735749c24f1aeabcad9bdaba"
  name = "cloud.google.com/go"
  packages = [
    "compute/metadata",
    "internal",
  ]
  pruneopts = "UT"
  revision = "debdc0ca0113dd546ebebeb2000c9d938059f41d"

[[projects]]
  digest = "1:0e96ba3611b3ad8da3cdf8c5383c6a939c5f4e0f0bb02901d90398f69ff7b389"
  name = "github.com/gogo/protobuf"
  packages = [
    "proto",
    "sortkeys",
  ]
  pruneopts = "UT"
  revision = "89f1976ff373a3e549675d2f212c10f98b6c6316"

[[projects]]
  branch = "master"
  digest = "1:1ba1d79f2810270045c328ae5d674321db34e3aae468eb4233883b473c5c0467"
  name = "github.com/golang/glog"
  packages = ["."]
  pruneopts = "UT"
  revision = "23def4e6c14b4da8ac2ed8007337bc5eb5007998"

[[projects]]
  digest = "1:08628a37c6a261a427999a480459a082c5e4e967d95b642e7040306e1cc2734c"
  name = "github.com/golang/protobuf"
  packages = ["proto"]
  pruneopts = "UT"
  revision = "87c000235d3d852c1628dc9490cd21ab36a7d69f"

[[projects]]
  digest = "1:4d945a1a79c1b3991bfccc447dfc3ce9c1c05a0d297bd944dd8bfae962d1d7e2"
  name = "github.com/google/gofuzz"
  packages = ["."]
  pruneopts = "UT"
  revision = "fd52762d25a41827db7ef64c43756fd4b9f7e382"

[[projects]]
  digest = "1:ff5ebae34cfbf047d505ee150de27e60570e8c394b3b8fdbb720ff6ac71985fc"
  name = "github.com/matttproud/golang_protobuf_extensions"
  packages = ["pbutil"]
  pruneopts = "UT"
  revision = "c12348ce28de40eed0136aa2b644d0ee0650e56c"
  version = "v1.0.1"

[[projects]]
  digest = "1:9fe8945a11a9f588a9d306b4741cad634da9015a704271b9506810e2cc77fa17"
  name = "github.com/prometheus/client_model"
  packages = ["go"]
  pruneopts = "UT"
  revision = "fa8ad6fec33561be4280a8f0514318c79d7f6cb6"

[[projects]]
  digest = "1:7c48cbf773fab68e1e22e4b0486d03bc58f5cb5983fccafdb4a4b94f67858fd0"
  name = "github.com/prometheus/common"
  packages = [
    "expfmt",
    "internal/bitbucket.org/ww/goautoneg",
    "model",
  ]
  pruneopts = "UT"
  revision = "e35a2e33a50a7d756c7afdfaf609f93905a0c111"

[[projects]]
  digest = "1:3373df9a79dbfdec0111498a2358444eee9f70c3748ee0e0c2a1ad993978f676"
  name = "golang.org/x/net"
  packages = [
    "context",
    "context/ctxhttp",
  ]
  pruneopts = "UT"
  revision = "8058fc7b18f8794d9fc57eee98d64fe2c750e3f1"

[[projects]]
  digest = "1:a8a2e60d057b93565e0caa292ec5b351fe64c81276e8bebd016a3a680dc1d92d"
  name = "golang.org/x/oauth2"
  packages = [
    ".",
    "google",
    "internal",
    "jws",
    "jwt",
  ]
  pruneopts = "UT"
  revision = "3c3a985cb79f52a3190fbc056984415ca6763d01"

[[projects]]
  digest = "1:cfba5b5209e50376f1d13ed30ee0b8eec7a4c35604606d75a9386ec5645021f5"
  name = "google.golang.org/api"
  packages = [
    "gensupport",
    "googleapi",
    "googleapi/internal/uritemplates",
    "monitoring/v3",
  ]
  pruneopts = "UT"
  revision = "adba394bac5800ff2e620d040e9401528f5b7615"

[[projects]]
  digest = "1:a48f97fb737d5d61cf13e81cfef040942d217d086766b823757d39d4f6a4c547"
  name = "google.golang.org/appengine"
  packages = [
    ".",
    "internal",
    "internal/app_identity",
    "internal/base",
    "internal/datastore",
    "internal/log",
    "internal/modules",
    "internal/remote_api",
    "internal/urlfetch",
    "urlfetch",
  ]
  pruneopts = "UT"
  revision = "150dc57a1b433e64154302bdc40b6bb8aefa313a"
  version = "v1.0.0"

[[projects]]
  digest = "1:e9ffb9e8bd857d907b563eb0490beaa571c9330a4025375e3cb1623f33acd0bc"
  name = "k8s.io/kubernetes"
  packages = [
    "pkg/api/unversioned",
    "pkg/conversion",
    "pkg/kubelet/api/v1alpha1/stats",
    "pkg/labels",
    "pkg/selection",
    "pkg/util/sets",
    "pkg/util/validation",
    "third_party/forked/golang/reflect",
  ]
  pruneopts = "UT"
  revision = "24c8d0655268ff397c9f30d2a5214010e42a5a7e"

[solve-meta]
  analyzer-name = "dep"
  analyzer-version = 1
  input-imports = [
    "github.com/golang/glog",
    "github.com/google/gofuzz",
    "github.com/prometheus/common/expfmt",
    "github.com/prometheus/common/model",
    "golang.org/x/net/context",
    "golang.org/x/oauth2/google",
    "google.golang.org/api/monitoring/v3",
    "k8s.io/kubernetes/pkg/api/unversioned",
    "k8s.io/kubernetes/pkg/kubelet/api/v1alpha1/stats",
  ]
  solver-name = "gps-cdcl"
  solver-version = 1
